// !$*UTF8*$!
{
	archiveVersion = 1;
	classes = {
	};
	objectVersion = 46;
	objects = {

/* Begin PBXBuildFile section */
		6EA844D31C0A3AEF006CBBFC /* AppDelegate.swift in Sources */ = {isa = PBXBuildFile; fileRef = 6EA844D21C0A3AEF006CBBFC /* AppDelegate.swift */; };
		6EA844D51C0A3AEF006CBBFC /* ViewController.swift in Sources */ = {isa = PBXBuildFile; fileRef = 6EA844D41C0A3AEF006CBBFC /* ViewController.swift */; };
		6EA844D81C0A3AEF006CBBFC /* Main.storyboard in Resources */ = {isa = PBXBuildFile; fileRef = 6EA844D61C0A3AEF006CBBFC /* Main.storyboard */; };
		6EA844DA1C0A3AEF006CBBFC /* Assets.xcassets in Resources */ = {isa = PBXBuildFile; fileRef = 6EA844D91C0A3AEF006CBBFC /* Assets.xcassets */; };
		6EA844DD1C0A3AEF006CBBFC /* LaunchScreen.storyboard in Resources */ = {isa = PBXBuildFile; fileRef = 6EA844DB1C0A3AEF006CBBFC /* LaunchScreen.storyboard */; };
/* End PBXBuildFile section */

/* Begin PBXFileReference section */
		6EA844CF1C0A3AEF006CBBFC /* Swipes.app */ = {isa = PBXFileReference; explicitFileType = wrapper.application; includeInIndex = 0; path = Swipes.app; sourceTree = BUILT_PRODUCTS_DIR; };
		6EA844D21C0A3AEF006CBBFC /* AppDelegate.swift */ = {isa = PBXFileReference; lastKnownFileType = sourcecode.swift; path = AppDelegate.swift; sourceTree = "<group>"; };
		6EA844D41C0A3AEF006CBBFC /* ViewController.swift */ = {isa = PBXFileReference; lastKnownFileType = sourcecode.swift; path = ViewController.swift; sourceTree = "<group>"; };
		6EA844D71C0A3AEF006CBBFC /* Base */ = {isa = PBXFileReference; lastKnownFileType = file.storyboard; name = Base; path = Base.lproj/Main.storyboard; sourceTree = "<group>"; };
		6EA844D91C0A3AEF006CBBFC /* Assets.xcassets */ = {isa = PBXFileReference; lastKnownFileType = folder.assetcatalog; path = Assets.xcassets; sourceTree = "<group>"; };
		6EA844DC1C0A3AEF006CBBFC /* Base */ = {isa = PBXFileReference; lastKnownFileType = file.storyboard; name = Base; path = Base.lproj/LaunchScreen.storyboard; sourceTree = "<group>"; };
		6EA844DE1C0A3AEF006CBBFC /* Info.plist */ = {isa = PBXFileReference; lastKnownFileType = text.plist.xml; path = Info.plist; sourceTree = "<group>"; };
/* End PBXFileReference section */

/* Begin PBXFrameworksBuildPhase section */
		6EA844CC1C0A3AEF006CBBFC /* Frameworks */ = {
			isa = PBXFrameworksBuildPhase;
			buildActionMask = 2147483647;
			files = (
			);
			runOnlyForDeploymentPostprocessing = 0;
		};
/* End PBXFrameworksBuildPhase section */

/* Begin PBXGroup section */
		6EA844C61C0A3AEF006CBBFC = {
			isa = PBXGroup;
			children = (
				6EA844D11C0A3AEF006CBBFC /* Swipes */,
				6EA844D01C0A3AEF006CBBFC /* Products */,
			);
			sourceTree = "<group>";
		};
		6EA844D01C0A3AEF006CBBFC /* Products */ = {
			isa = PBXGroup;
			children = (
				6EA844CF1C0A3AEF006CBBFC /* Swipes.app */,
			);
			name = Products;
			sourceTree = "<group>";
		};
		6EA844D11C0A3AEF006CBBFC /* Swipes */ = {
			isa = PBXGroup;
			children = (
				6EA844D21C0A3AEF006CBBFC /* AppDelegate.swift */,
				6EA844D41C0A3AEF006CBBFC /* ViewController.swift */,
				6EA844D61C0A3AEF006CBBFC /* Main.storyboard */,
				6EA844D91C0A3AEF006CBBFC /* Assets.xcassets */,
				6EA844DB1C0A3AEF006CBBFC /* LaunchScreen.storyboard */,
				6EA844DE1C0A3AEF006CBBFC /* Info.plist */,
			);
			path = Swipes;
			sourceTree = "<group>";
		};
/* End PBXGroup section */

/* Begin PBXNativeTarget section */
		6EA844CE1C0A3AEF006CBBFC /* Swipes */ = {
			isa = PBXNativeTarget;
			buildConfigurationList = 6EA844E11C0A3AEF006CBBFC /* Build configuration list for PBXNativeTarget "Swipes" */;
			buildPhases = (
				6EA844CB1C0A3AEF006CBBFC /* Sources */,
				6EA844CC1C0A3AEF006CBBFC /* Frameworks */,
				6EA844CD1C0A3AEF006CBBFC /* Resources */,
			);
			buildRules = (
			);
			dependencies = (
			);
			name = Swipes;
			productName = Swipes;
			productReference = 6EA844CF1C0A3AEF006CBBFC /* Swipes.app */;
			productType = "com.apple.product-type.application";
		};
/* End PBXNativeTarget section */

/* Begin PBXProject section */
		6EA844C71C0A3AEF006CBBFC /* Project object */ = {
			isa = PBXProject;
			attributes = {
				LastSwiftUpdateCheck = 0710;
				LastUpgradeCheck = 0710;
				ORGANIZATIONNAME = "Ivaylo Todorov";
				TargetAttributes = {
					6EA844CE1C0A3AEF006CBBFC = {
						CreatedOnToolsVersion = 7.1.1;
						DevelopmentTeam = JC8B5GFD46;
					};
				};
			};
			buildConfigurationList = 6EA844CA1C0A3AEF006CBBFC /* Build configuration list for PBXProject "Swipes" */;
			compatibilityVersion = "Xcode 3.2";
			developmentRegion = English;
			hasScannedForEncodings = 0;
			knownRegions = (
				en,
				Base,
			);
			mainGroup = 6EA844C61C0A3AEF006CBBFC;
			productRefGroup = 6EA844D01C0A3AEF006CBBFC /* Products */;
			projectDirPath = "";
			projectRoot = "";
			targets = (
				6EA844CE1C0A3AEF006CBBFC /* Swipes */,
			);
		};
/* End PBXProject section */

/* Begin PBXResourcesBuildPhase section */
		6EA844CD1C0A3AEF006CBBFC /* Resources */ = {
			isa = PBXResourcesBuildPhase;
			buildActionMask = 2147483647;
			files = (
				6EA844DD1C0A3AEF006CBBFC /* LaunchScreen.storyboard in Resources */,
				6EA844DA1C0A3AEF006CBBFC /* Assets.xcassets in Resources */,
				6EA844D81C0A3AEF006CBBFC /* Main.storyboard in Resources */,
			);
			runOnlyForDeploymentPostprocessing = 0;
		};
/* End PBXResourcesBuildPhase section */

/* Begin PBXSourcesBuildPhase section */
		6EA844CB1C0A3AEF006CBBFC /* Sources */ = {
			isa = PBXSourcesBuildPhase;
			buildActionMask = 2147483647;
			files = (
				6EA844D51C0A3AEF006CBBFC /* ViewController.swift in Sources */,
				6EA844D31C0A3AEF006CBBFC /* AppDelegate.swift in Sources */,
			);
			runOnlyForDeploymentPostprocessing = 0;
		};
/* End PBXSourcesBuildPhase section */

/* Begin PBXVariantGroup section */
		6EA844D61C0A3AEF006CBBFC /* Main.storyboard */ = {
			isa = PBXVariantGroup;
			children = (
				6EA844D71C0A3AEF006CBBFC /* Base */,
			);
			name = Main.storyboard;
			sourceTree = "<group>";
		};
		6EA844DB1C0A3AEF006CBBFC /* LaunchScreen.storyboard */ = {
			isa = PBXVariantGroup;
			children = (
				6EA844DC1C0A3AEF006CBBFC /* Base */,
			);
			name = LaunchScreen.storyboard;
			sourceTree = "<group>";
		};
/* End PBXVariantGroup section */

/* Begin XCBuildConfiguration section */
		6EA844DF1C0A3AEF006CBBFC /* Debug */ = {
			isa = XCBuildConfiguration;
			buildSettings = {
				ALWAYS_SEARCH_USER_PATHS = NO;
				CLANG_CXX_LANGUAGE_STANDARD = "gnu++0x";
				CLANG_CXX_LIBRARY = "libc++";
				CLANG_ENABLE_MODULES = YES;
				CLANG_ENABLE_OBJC_ARC = YES;
				CLANG_WARN_BOOL_CONVERSION = YES;
				CLANG_WARN_CONSTANT_CONVERSION = YES;
				CLANG_WARN_DIRECT_OBJC_ISA_USAGE = YES_ERROR;
				CLANG_WARN_EMPTY_BODY = YES;
				CLANG_WARN_ENUM_CONVERSION = YES;
				CLANG_WARN_INT_CONVERSION = YES;
				CLANG_WARN_OBJC_ROOT_CLASS = YES_ERROR;
				CLANG_WARN_UNREACHABLE_CODE = YES;
				CLANG_WARN__DUPLICATE_METHOD_MATCH = YES;
				"CODE_SIGN_IDENTITY[sdk=iphoneos*]" = "iPhone Developer";
				COPY_PHASE_STRIP = NO;
				DEBUG_INFORMATION_FORMAT = dwarf;
				ENABLE_STRICT_OBJC_MSGSEND = YES;
				ENABLE_TESTABILITY = YES;
				GCC_C_LANGUAGE_STANDARD = gnu99;
				GCC_DYNAMIC_NO_PIC = NO;
				GCC_NO_COMMON_BLOCKS = YES;
				GCC_OPTIMIZATION_LEVEL = 0;
				GCC_PREPROCESSOR_DEFINITIONS = (
					"DEBUG=1",
					"$(inherited)",
				);
				GCC_WARN_64_TO_32_BIT_CONVERSION = YES;
				GCC_WARN_ABOUT_RETURN_TYPE = YES_ERROR;
				GCC_WARN_UNDECLARED_SELECTOR = YES;
				GCC_WARN_UNINITIALIZED_AUTOS = YES_AGGRESSIVE;
				GCC_WARN_UNUSED_FUNCTION = YES;
				GCC_WARN_UNUSED_VARIABLE = YES;
				IPHONEOS_DEPLOYMENT_TARGET = 9.1;
				MTL_ENABLE_DEBUG_INFO = YES;
				ONLY_ACTIVE_ARCH = YES;
				SDKROOT = iphoneos;
				SWIFT_OPTIMIZATION_LEVEL = "-Onone";
			};
			name = Debug;
		};
		6EA844E01C0A3AEF006CBBFC /* Release */ = {
			isa = XCBuildConfiguration;
			buildSettings = {
				ALWAYS_SEARCH_USER_PATHS = NO;
				CLANG_CXX_LANGUAGE_STANDARD = "gnu++0x";
				CLANG_CXX_LIBRARY = "libc++";
				CLANG_ENABLE_MODULES = YES;
				CLANG_ENABLE_OBJC_ARC = YES;
				CLANG_WARN_BOOL_CONVERSION = YES;
				CLANG_WARN_CONSTANT_CONVERSION = YES;
				CLANG_WARN_DIRECT_OBJC_ISA_USAGE = YES_ERROR;
				CLANG_WARN_EMPTY_BODY = YES;
				CLANG_WARN_ENUM_CONVERSION = YES;
				CLANG_WARN_INT_CONVERSION = YES;
				CLANG_WARN_OBJC_ROOT_CLASS = YES_ERROR;
				CLANG_WARN_UNREACHABLE_CODE = YES;
				CLANG_WARN__DUPLICATE_METHOD_MATCH = YES;
				"CODE_SIGN_IDENTITY[sdk=iphoneos*]" = "iPhone Developer";
				COPY_PHASE_STRIP = NO;
				DEBUG_INFORMATION_FORMAT = "dwarf-with-dsym";
				ENABLE_NS_ASSERTIONS = NO;
				ENABLE_STRICT_OBJC_MSGSEND = YES;
				GCC_C_LANGUAGE_STANDARD = gnu99;
				GCC_NO_COMMON_BLOCKS = YES;
				GCC_WARN_64_TO_32_BIT_CONVERSION = YES;
				GCC_WARN_ABOUT_RETURN_TYPE = YES_ERROR;
				GCC_WARN_UNDECLARED_SELECTOR = YES;
				GCC_WARN_UNINITIALIZED_AUTOS = YES_AGGRESSIVE;
				GCC_WARN_UNUSED_FUNCTION = YES;
				GCC_WARN_UNUSED_VARIABLE = YES;
				IPHONEOS_DEPLOYMENT_TARGET = 9.1;
				MTL_ENABLE_DEBUG_INFO = NO;
				SDKROOT = iphoneos;
				VALIDATE_PRODUCT = YES;
			};
			name = Release;
		};
		6EA844E21C0A3AEF006CBBFC /* Debug */ = {
			isa = XCBuildConfiguration;
			buildSettings = {
				ASSETCATALOG_COMPILER_APPICON_NAME = AppIcon;
				INFOPLIST_FILE = Swipes/Info.plist;
				LD_RUNPATH_SEARCH_PATHS = "$(inherited) @executable_path/Frameworks";
				PRODUCT_BUNDLE_IDENTIFIER = iYO.Swipes;
				PRODUCT_NAME = "$(TARGET_NAME)";
			};
			name = Debug;
		};
		6EA844E31C0A3AEF006CBBFC /* Release */ = {
			isa = XCBuildConfiguration;
			buildSettings = {
				ASSETCATALOG_COMPILER_APPICON_NAME = AppIcon;
				INFOPLIST_FILE = Swipes/Info.plist;
				LD_RUNPATH_SEARCH_PATHS = "$(inherited) @executable_path/Frameworks";
				PRODUCT_BUNDLE_IDENTIFIER = iYO.Swipes;
				PRODUCT_NAME = "$(TARGET_NAME)";
			};
			name = Release;
		};
/* End XCBuildConfiguration section */

/* Begin XCConfigurationList section */
		6EA844CA1C0A3AEF006CBBFC /* Build configuration list for PBXProject "Swipes" */ = {
			isa = XCConfigurationList;
			buildConfigurations = (
				6EA844DF1C0A3AEF006CBBFC /* Debug */,
				6EA844E01C0A3AEF006CBBFC /* Release */,
			);
			defaultConfigurationIsVisible = 0;
			defaultConfigurationName = Release;
		};
		6EA844E11C0A3AEF006CBBFC /* Build configuration list for PBXNativeTarget "Swipes" */ = {
			isa = XCConfigurationList;
			buildConfigurations = (
				6EA844E21C0A3AEF006CBBFC /* Debug */,
				6EA844E31C0A3AEF006CBBFC /* Release */,
			);
			defaultConfigurationIsVisible = 0;
		};
/* End XCConfigurationList section */
	};
	rootObject = 6EA844C71C0A3AEF006CBBFC /* Project object */;
}
